
Microsoft Visual Studio Solution File, Format Version 12.00
# Visual Studio Version 17
VisualStudioVersion = 17.0.32014.148
MinimumVisualStudioVersion = 10.0.40219.1
Project("{9A19103F-16F7-4668-BE54-9A1E7A4F7556}") = "Dev.Club.Solid.Host", "Dev.Club.Solid.Host.csproj", "{B70020B4-036B-491D-9E1F-99801D49A196}"
EndProject
Project("{9A19103F-16F7-4668-BE54-9A1E7A4F7556}") = "Microsoft.Azure.KeyVault", "..\nuget.microsoft.azurekeyvault\Microsoft.Azure.KeyVault.csproj", "{CEEB7C62-C9F9-4A69-9DF1-CDE2D5A998B2}"
EndProject
Project("{9A19103F-16F7-4668-BE54-9A1E7A4F7556}") = "Dev.Club.Solid.Wcf", "..\dev.club.solid.wcf\Dev.Club.Solid.Wcf.csproj", "{55DDBF16-166B-4BC9-928E-69C63E5FA0C3}"
EndProject
Project("{9A19103F-16F7-4668-BE54-9A1E7A4F7556}") = "Microsoft.Azure.KeyVault.Abstractions", "..\nuget.microsoft.azurekeyvault.abstractions\Microsoft.Azure.KeyVault.Abstractions.csproj", "{60092E94-CB8F-407C-ABDF-07B95966A03F}"
EndProject
Project("{9A19103F-16F7-4668-BE54-9A1E7A4F7556}") = "Dev.Club.Solid.Core", "..\dev.club.solid.core\Dev.Club.Solid.Core.csproj", "{8E50DC8A-9DC2-40FE-8A41-25B2D71C2FE6}"
EndProject
Project("{9A19103F-16F7-4668-BE54-9A1E7A4F7556}") = "Dev.Club.Solid.Core.UnitTests", "..\dev.club.solid.core.unittests\Dev.Club.Solid.Core.UnitTests.csproj", "{EAF8E242-4D8F-4E5D-A9C1-27F68062DB37}"
EndProject
Project("{9A19103F-16F7-4668-BE54-9A1E7A4F7556}") = "Amazon.Aws.Kms.Abstractions", "..\nuget.amazon.aws.kms.abstractions\Amazon.Aws.Kms.Abstractions.csproj", "{D21291C0-8E22-4443-9D2E-25F32A7842BC}"
EndProject
Project("{9A19103F-16F7-4668-BE54-9A1E7A4F7556}") = "Amazon.Aws.Kms", "..\nuget.amazon.aws.kms\Amazon.Aws.Kms.csproj", "{20D5C19B-ED01-405B-9CC5-3FBE6BED9B0F}"
EndProject
Project("{2150E333-8FDC-42A3-9474-1A3956D46DE8}") = "nuget", "nuget", "{9525DBA9-13D1-464A-8758-57C734BCA40F}"
EndProject
Project("{2150E333-8FDC-42A3-9474-1A3956D46DE8}") = "amazon", "amazon", "{64F1B4EB-926F-4ECC-8AE2-3476771D8452}"
EndProject
Project("{2150E333-8FDC-42A3-9474-1A3956D46DE8}") = "microsoft", "microsoft", "{B78689F5-3B06-45C2-AB8B-916CABD3A213}"
EndProject
Project("{9A19103F-16F7-4668-BE54-9A1E7A4F7556}") = "KeyVault.Abstractions", "..\keyvault.abstractions\KeyVault.Abstractions.csproj", "{EC457FB1-6EFE-4D3A-8F17-A2A83D6F098E}"
EndProject
Project("{9A19103F-16F7-4668-BE54-9A1E7A4F7556}") = "KeyVault.Microsoft.AzureKeyVault", "..\keyvault.microsoft.azurekeyvault\KeyVault.Microsoft.AzureKeyVault.csproj", "{5FA3E7B8-772B-49F0-A846-64EBF17C2FD4}"
EndProject
Project("{9A19103F-16F7-4668-BE54-9A1E7A4F7556}") = "KeyVault.Amazon.Aws.Kms", "..\keyvault.amazon.aws.kms\KeyVault.Amazon.Aws.Kms.csproj", "{661E7E3D-8F91-4F0F-826B-C36A07895F9E}"
EndProject
Project("{2150E333-8FDC-42A3-9474-1A3956D46DE8}") = "keyvault", "keyvault", "{7C120C8E-B50C-45EF-88B0-CF90576B96B6}"
EndProject
Project("{9A19103F-16F7-4668-BE54-9A1E7A4F7556}") = "Dev.Club.Sandbox", "..\dev.club.sandbox\Dev.Club.Sandbox.csproj", "{67333300-3059-45C7-8906-18ED5D2FD59D}"
EndProject
Project("{9A19103F-16F7-4668-BE54-9A1E7A4F7556}") = "Dev.Club.CertificationAuthority", "..\dev.club.ca\Dev.Club.CertificationAuthority.csproj", "{56431284-BCFB-4A59-AFAC-D237930934A5}"
EndProject
Project("{9A19103F-16F7-4668-BE54-9A1E7A4F7556}") = "Dev.Club.CertificationAuthority.Abstractions", "..\dev.club.ca.abstractions\Dev.Club.CertificationAuthority.Abstractions.csproj", "{8CD97009-4EA9-4916-895B-8D1D9A44D58C}"
EndProject
Project("{9A19103F-16F7-4668-BE54-9A1E7A4F7556}") = "Dev.Club.CertificationAuthority.UnitTests", "..\dev.club.ca.unittets\Dev.Club.CertificationAuthority.UnitTests.csproj", "{6C1A8307-F248-45CE-9190-BE5F93C2E860}"
EndProject
Project("{9A19103F-16F7-4668-BE54-9A1E7A4F7556}") = "Dev.Club.Solid.Core.Decorators", "..\dev.club.solid.core.decorators\Dev.Club.Solid.Core.Decorators.csproj", "{E0FCCCB0-1CA8-483C-A22F-614C2EE4B724}"
EndProject
Global
	GlobalSection(SolutionConfigurationPlatforms) = preSolution
		Debug|Any CPU = Debug|Any CPU
		Release|Any CPU = Release|Any CPU
	EndGlobalSection
	GlobalSection(ProjectConfigurationPlatforms) = postSolution
		{B70020B4-036B-491D-9E1F-99801D49A196}.Debug|Any CPU.ActiveCfg = Debug|Any CPU
		{B70020B4-036B-491D-9E1F-99801D49A196}.Debug|Any CPU.Build.0 = Debug|Any CPU
		{B70020B4-036B-491D-9E1F-99801D49A196}.Release|Any CPU.ActiveCfg = Release|Any CPU
		{B70020B4-036B-491D-9E1F-99801D49A196}.Release|Any CPU.Build.0 = Release|Any CPU
		{CEEB7C62-C9F9-4A69-9DF1-CDE2D5A998B2}.Debug|Any CPU.ActiveCfg = Debug|Any CPU
		{CEEB7C62-C9F9-4A69-9DF1-CDE2D5A998B2}.Debug|Any CPU.Build.0 = Debug|Any CPU
		{CEEB7C62-C9F9-4A69-9DF1-CDE2D5A998B2}.Release|Any CPU.ActiveCfg = Release|Any CPU
		{CEEB7C62-C9F9-4A69-9DF1-CDE2D5A998B2}.Release|Any CPU.Build.0 = Release|Any CPU
		{55DDBF16-166B-4BC9-928E-69C63E5FA0C3}.Debug|Any CPU.ActiveCfg = Debug|Any CPU
		{55DDBF16-166B-4BC9-928E-69C63E5FA0C3}.Debug|Any CPU.Build.0 = Debug|Any CPU
		{55DDBF16-166B-4BC9-928E-69C63E5FA0C3}.Release|Any CPU.ActiveCfg = Release|Any CPU
		{55DDBF16-166B-4BC9-928E-69C63E5FA0C3}.Release|Any CPU.Build.0 = Release|Any CPU
		{60092E94-CB8F-407C-ABDF-07B95966A03F}.Debug|Any CPU.ActiveCfg = Debug|Any CPU
		{60092E94-CB8F-407C-ABDF-07B95966A03F}.Debug|Any CPU.Build.0 = Debug|Any CPU
		{60092E94-CB8F-407C-ABDF-07B95966A03F}.Release|Any CPU.ActiveCfg = Release|Any CPU
		{60092E94-CB8F-407C-ABDF-07B95966A03F}.Release|Any CPU.Build.0 = Release|Any CPU
		{8E50DC8A-9DC2-40FE-8A41-25B2D71C2FE6}.Debug|Any CPU.ActiveCfg = Debug|Any CPU
		{8E50DC8A-9DC2-40FE-8A41-25B2D71C2FE6}.Debug|Any CPU.Build.0 = Debug|Any CPU
		{8E50DC8A-9DC2-40FE-8A41-25B2D71C2FE6}.Release|Any CPU.ActiveCfg = Release|Any CPU
		{8E50DC8A-9DC2-40FE-8A41-25B2D71C2FE6}.Release|Any CPU.Build.0 = Release|Any CPU
		{EAF8E242-4D8F-4E5D-A9C1-27F68062DB37}.Debug|Any CPU.ActiveCfg = Debug|Any CPU
		{EAF8E242-4D8F-4E5D-A9C1-27F68062DB37}.Debug|Any CPU.Build.0 = Debug|Any CPU
		{EAF8E242-4D8F-4E5D-A9C1-27F68062DB37}.Release|Any CPU.ActiveCfg = Release|Any CPU
		{EAF8E242-4D8F-4E5D-A9C1-27F68062DB37}.Release|Any CPU.Build.0 = Release|Any CPU
		{D21291C0-8E22-4443-9D2E-25F32A7842BC}.Debug|Any CPU.ActiveCfg = Debug|Any CPU
		{D21291C0-8E22-4443-9D2E-25F32A7842BC}.Debug|Any CPU.Build.0 = Debug|Any CPU
		{D21291C0-8E22-4443-9D2E-25F32A7842BC}.Release|Any CPU.ActiveCfg = Release|Any CPU
		{D21291C0-8E22-4443-9D2E-25F32A7842BC}.Release|Any CPU.Build.0 = Release|Any CPU
		{20D5C19B-ED01-405B-9CC5-3FBE6BED9B0F}.Debug|Any CPU.ActiveCfg = Debug|Any CPU
		{20D5C19B-ED01-405B-9CC5-3FBE6BED9B0F}.Debug|Any CPU.Build.0 = Debug|Any CPU
		{20D5C19B-ED01-405B-9CC5-3FBE6BED9B0F}.Release|Any CPU.ActiveCfg = Release|Any CPU
		{20D5C19B-ED01-405B-9CC5-3FBE6BED9B0F}.Release|Any CPU.Build.0 = Release|Any CPU
		{EC457FB1-6EFE-4D3A-8F17-A2A83D6F098E}.Debug|Any CPU.ActiveCfg = Debug|Any CPU
		{EC457FB1-6EFE-4D3A-8F17-A2A83D6F098E}.Debug|Any CPU.Build.0 = Debug|Any CPU
		{EC457FB1-6EFE-4D3A-8F17-A2A83D6F098E}.Release|Any CPU.ActiveCfg = Release|Any CPU
		{EC457FB1-6EFE-4D3A-8F17-A2A83D6F098E}.Release|Any CPU.Build.0 = Release|Any CPU
		{5FA3E7B8-772B-49F0-A846-64EBF17C2FD4}.Debug|Any CPU.ActiveCfg = Debug|Any CPU
		{5FA3E7B8-772B-49F0-A846-64EBF17C2FD4}.Debug|Any CPU.Build.0 = Debug|Any CPU
		{5FA3E7B8-772B-49F0-A846-64EBF17C2FD4}.Release|Any CPU.ActiveCfg = Release|Any CPU
		{5FA3E7B8-772B-49F0-A846-64EBF17C2FD4}.Release|Any CPU.Build.0 = Release|Any CPU
		{661E7E3D-8F91-4F0F-826B-C36A07895F9E}.Debug|Any CPU.ActiveCfg = Debug|Any CPU
		{661E7E3D-8F91-4F0F-826B-C36A07895F9E}.Debug|Any CPU.Build.0 = Debug|Any CPU
		{661E7E3D-8F91-4F0F-826B-C36A07895F9E}.Release|Any CPU.ActiveCfg = Release|Any CPU
		{661E7E3D-8F91-4F0F-826B-C36A07895F9E}.Release|Any CPU.Build.0 = Release|Any CPU
		{67333300-3059-45C7-8906-18ED5D2FD59D}.Debug|Any CPU.ActiveCfg = Debug|Any CPU
		{67333300-3059-45C7-8906-18ED5D2FD59D}.Debug|Any CPU.Build.0 = Debug|Any CPU
		{67333300-3059-45C7-8906-18ED5D2FD59D}.Release|Any CPU.ActiveCfg = Release|Any CPU
		{67333300-3059-45C7-8906-18ED5D2FD59D}.Release|Any CPU.Build.0 = Release|Any CPU
		{56431284-BCFB-4A59-AFAC-D237930934A5}.Debug|Any CPU.ActiveCfg = Debug|Any CPU
		{56431284-BCFB-4A59-AFAC-D237930934A5}.Debug|Any CPU.Build.0 = Debug|Any CPU
		{56431284-BCFB-4A59-AFAC-D237930934A5}.Release|Any CPU.ActiveCfg = Release|Any CPU
		{56431284-BCFB-4A59-AFAC-D237930934A5}.Release|Any CPU.Build.0 = Release|Any CPU
		{8CD97009-4EA9-4916-895B-8D1D9A44D58C}.Debug|Any CPU.ActiveCfg = Debug|Any CPU
		{8CD97009-4EA9-4916-895B-8D1D9A44D58C}.Debug|Any CPU.Build.0 = Debug|Any CPU
		{8CD97009-4EA9-4916-895B-8D1D9A44D58C}.Release|Any CPU.ActiveCfg = Release|Any CPU
		{8CD97009-4EA9-4916-895B-8D1D9A44D58C}.Release|Any CPU.Build.0 = Release|Any CPU
		{6C1A8307-F248-45CE-9190-BE5F93C2E860}.Debug|Any CPU.ActiveCfg = Debug|Any CPU
		{6C1A8307-F248-45CE-9190-BE5F93C2E860}.Debug|Any CPU.Build.0 = Debug|Any CPU
		{6C1A8307-F248-45CE-9190-BE5F93C2E860}.Release|Any CPU.ActiveCfg = Release|Any CPU
		{6C1A8307-F248-45CE-9190-BE5F93C2E860}.Release|Any CPU.Build.0 = Release|Any CPU
		{E0FCCCB0-1CA8-483C-A22F-614C2EE4B724}.Debug|Any CPU.ActiveCfg = Debug|Any CPU
		{E0FCCCB0-1CA8-483C-A22F-614C2EE4B724}.Debug|Any CPU.Build.0 = Debug|Any CPU
		{E0FCCCB0-1CA8-483C-A22F-614C2EE4B724}.Release|Any CPU.ActiveCfg = Release|Any CPU
		{E0FCCCB0-1CA8-483C-A22F-614C2EE4B724}.Release|Any CPU.Build.0 = Release|Any CPU
	EndGlobalSection
	GlobalSection(SolutionProperties) = preSolution
		HideSolutionNode = FALSE
	EndGlobalSection
	GlobalSection(NestedProjects) = preSolution
		{CEEB7C62-C9F9-4A69-9DF1-CDE2D5A998B2} = {B78689F5-3B06-45C2-AB8B-916CABD3A213}
		{60092E94-CB8F-407C-ABDF-07B95966A03F} = {B78689F5-3B06-45C2-AB8B-916CABD3A213}
		{D21291C0-8E22-4443-9D2E-25F32A7842BC} = {64F1B4EB-926F-4ECC-8AE2-3476771D8452}
		{20D5C19B-ED01-405B-9CC5-3FBE6BED9B0F} = {64F1B4EB-926F-4ECC-8AE2-3476771D8452}
		{64F1B4EB-926F-4ECC-8AE2-3476771D8452} = {9525DBA9-13D1-464A-8758-57C734BCA40F}
		{B78689F5-3B06-45C2-AB8B-916CABD3A213} = {9525DBA9-13D1-464A-8758-57C734BCA40F}
		{EC457FB1-6EFE-4D3A-8F17-A2A83D6F098E} = {7C120C8E-B50C-45EF-88B0-CF90576B96B6}
		{5FA3E7B8-772B-49F0-A846-64EBF17C2FD4} = {7C120C8E-B50C-45EF-88B0-CF90576B96B6}
		{661E7E3D-8F91-4F0F-826B-C36A07895F9E} = {7C120C8E-B50C-45EF-88B0-CF90576B96B6}
	EndGlobalSection
	GlobalSection(ExtensibilityGlobals) = postSolution
		SolutionGuid = {B23AB42C-1A92-4802-8909-62D74AE349E7}
	EndGlobalSection
EndGlobal
