
Microsoft Visual Studio Solution File, Format Version 12.00
# Visual Studio Version 17
VisualStudioVersion = 17.0.32014.148
MinimumVisualStudioVersion = 10.0.40219.1
Project("{9A19103F-16F7-4668-BE54-9A1E7A4F7556}") = "dev.club.solid.host", "dev.club.solid.host.csproj", "{B70020B4-036B-491D-9E1F-99801D49A196}"
EndProject
Project("{9A19103F-16F7-4668-BE54-9A1E7A4F7556}") = "nuget.microsoft.azurekeyvault", "..\nuget.microsoft.azurekeyvault\nuget.microsoft.azurekeyvault.csproj", "{CEEB7C62-C9F9-4A69-9DF1-CDE2D5A998B2}"
EndProject
Project("{9A19103F-16F7-4668-BE54-9A1E7A4F7556}") = "dev.club.solid.wcf", "..\dev.club.solid.wcf\dev.club.solid.wcf.csproj", "{55DDBF16-166B-4BC9-928E-69C63E5FA0C3}"
EndProject
Project("{9A19103F-16F7-4668-BE54-9A1E7A4F7556}") = "nuget.microsoft.azurekeyvault.abstractions", "..\nuget.microsoft.azurekeyvault.abstractions\nuget.microsoft.azurekeyvault.abstractions.csproj", "{60092E94-CB8F-407C-ABDF-07B95966A03F}"
EndProject
Project("{9A19103F-16F7-4668-BE54-9A1E7A4F7556}") = "dev.club.solid.core", "..\dev.club.solid.core\dev.club.solid.core.csproj", "{8E50DC8A-9DC2-40FE-8A41-25B2D71C2FE6}"
EndProject
Project("{9A19103F-16F7-4668-BE54-9A1E7A4F7556}") = "dev.club.solid.core.unittests", "..\dev.club.solid.core.unittests\dev.club.solid.core.unittests.csproj", "{EAF8E242-4D8F-4E5D-A9C1-27F68062DB37}"
EndProject
Project("{9A19103F-16F7-4668-BE54-9A1E7A4F7556}") = "nuget.amazon.aws.kms.abstractions", "..\nuget.amazon.aws.kms.abstractions\nuget.amazon.aws.kms.abstractions.csproj", "{D21291C0-8E22-4443-9D2E-25F32A7842BC}"
EndProject
Project("{9A19103F-16F7-4668-BE54-9A1E7A4F7556}") = "nuget.amazon.aws.kms", "..\nuget.amazon.aws.kms\nuget.amazon.aws.kms.csproj", "{20D5C19B-ED01-405B-9CC5-3FBE6BED9B0F}"
EndProject
Project("{2150E333-8FDC-42A3-9474-1A3956D46DE8}") = "nuget", "nuget", "{9525DBA9-13D1-464A-8758-57C734BCA40F}"
EndProject
Project("{2150E333-8FDC-42A3-9474-1A3956D46DE8}") = "amazon", "amazon", "{64F1B4EB-926F-4ECC-8AE2-3476771D8452}"
EndProject
Project("{2150E333-8FDC-42A3-9474-1A3956D46DE8}") = "microsoft", "microsoft", "{B78689F5-3B06-45C2-AB8B-916CABD3A213}"
EndProject
Project("{9A19103F-16F7-4668-BE54-9A1E7A4F7556}") = "keyvault.abstractions", "..\keyvault.abstractions\keyvault.abstractions.csproj", "{EC457FB1-6EFE-4D3A-8F17-A2A83D6F098E}"
EndProject
Project("{9A19103F-16F7-4668-BE54-9A1E7A4F7556}") = "keyvault.microsoft.azurekeyvault", "..\keyvault.microsoft.azurekeyvault\keyvault.microsoft.azurekeyvault.csproj", "{5FA3E7B8-772B-49F0-A846-64EBF17C2FD4}"
EndProject
Project("{9A19103F-16F7-4668-BE54-9A1E7A4F7556}") = "keyvault.amazon.aws.kms", "..\keyvault.amazon.aws.kms\keyvault.amazon.aws.kms.csproj", "{661E7E3D-8F91-4F0F-826B-C36A07895F9E}"
EndProject
Project("{2150E333-8FDC-42A3-9474-1A3956D46DE8}") = "keyvault", "keyvault", "{7C120C8E-B50C-45EF-88B0-CF90576B96B6}"
EndProject
Global
	GlobalSection(SolutionConfigurationPlatforms) = preSolution
		Debug|Any CPU = Debug|Any CPU
		Release|Any CPU = Release|Any CPU
	EndGlobalSection
	GlobalSection(ProjectConfigurationPlatforms) = postSolution
		{B70020B4-036B-491D-9E1F-99801D49A196}.Debug|Any CPU.ActiveCfg = Debug|Any CPU
		{B70020B4-036B-491D-9E1F-99801D49A196}.Debug|Any CPU.Build.0 = Debug|Any CPU
		{B70020B4-036B-491D-9E1F-99801D49A196}.Release|Any CPU.ActiveCfg = Release|Any CPU
		{B70020B4-036B-491D-9E1F-99801D49A196}.Release|Any CPU.Build.0 = Release|Any CPU
		{CEEB7C62-C9F9-4A69-9DF1-CDE2D5A998B2}.Debug|Any CPU.ActiveCfg = Debug|Any CPU
		{CEEB7C62-C9F9-4A69-9DF1-CDE2D5A998B2}.Debug|Any CPU.Build.0 = Debug|Any CPU
		{CEEB7C62-C9F9-4A69-9DF1-CDE2D5A998B2}.Release|Any CPU.ActiveCfg = Release|Any CPU
		{CEEB7C62-C9F9-4A69-9DF1-CDE2D5A998B2}.Release|Any CPU.Build.0 = Release|Any CPU
		{55DDBF16-166B-4BC9-928E-69C63E5FA0C3}.Debug|Any CPU.ActiveCfg = Debug|Any CPU
		{55DDBF16-166B-4BC9-928E-69C63E5FA0C3}.Debug|Any CPU.Build.0 = Debug|Any CPU
		{55DDBF16-166B-4BC9-928E-69C63E5FA0C3}.Release|Any CPU.ActiveCfg = Release|Any CPU
		{55DDBF16-166B-4BC9-928E-69C63E5FA0C3}.Release|Any CPU.Build.0 = Release|Any CPU
		{60092E94-CB8F-407C-ABDF-07B95966A03F}.Debug|Any CPU.ActiveCfg = Debug|Any CPU
		{60092E94-CB8F-407C-ABDF-07B95966A03F}.Debug|Any CPU.Build.0 = Debug|Any CPU
		{60092E94-CB8F-407C-ABDF-07B95966A03F}.Release|Any CPU.ActiveCfg = Release|Any CPU
		{60092E94-CB8F-407C-ABDF-07B95966A03F}.Release|Any CPU.Build.0 = Release|Any CPU
		{8E50DC8A-9DC2-40FE-8A41-25B2D71C2FE6}.Debug|Any CPU.ActiveCfg = Debug|Any CPU
		{8E50DC8A-9DC2-40FE-8A41-25B2D71C2FE6}.Debug|Any CPU.Build.0 = Debug|Any CPU
		{8E50DC8A-9DC2-40FE-8A41-25B2D71C2FE6}.Release|Any CPU.ActiveCfg = Release|Any CPU
		{8E50DC8A-9DC2-40FE-8A41-25B2D71C2FE6}.Release|Any CPU.Build.0 = Release|Any CPU
		{EAF8E242-4D8F-4E5D-A9C1-27F68062DB37}.Debug|Any CPU.ActiveCfg = Debug|Any CPU
		{EAF8E242-4D8F-4E5D-A9C1-27F68062DB37}.Debug|Any CPU.Build.0 = Debug|Any CPU
		{EAF8E242-4D8F-4E5D-A9C1-27F68062DB37}.Release|Any CPU.ActiveCfg = Release|Any CPU
		{EAF8E242-4D8F-4E5D-A9C1-27F68062DB37}.Release|Any CPU.Build.0 = Release|Any CPU
		{D21291C0-8E22-4443-9D2E-25F32A7842BC}.Debug|Any CPU.ActiveCfg = Debug|Any CPU
		{D21291C0-8E22-4443-9D2E-25F32A7842BC}.Debug|Any CPU.Build.0 = Debug|Any CPU
		{D21291C0-8E22-4443-9D2E-25F32A7842BC}.Release|Any CPU.ActiveCfg = Release|Any CPU
		{D21291C0-8E22-4443-9D2E-25F32A7842BC}.Release|Any CPU.Build.0 = Release|Any CPU
		{20D5C19B-ED01-405B-9CC5-3FBE6BED9B0F}.Debug|Any CPU.ActiveCfg = Debug|Any CPU
		{20D5C19B-ED01-405B-9CC5-3FBE6BED9B0F}.Debug|Any CPU.Build.0 = Debug|Any CPU
		{20D5C19B-ED01-405B-9CC5-3FBE6BED9B0F}.Release|Any CPU.ActiveCfg = Release|Any CPU
		{20D5C19B-ED01-405B-9CC5-3FBE6BED9B0F}.Release|Any CPU.Build.0 = Release|Any CPU
		{EC457FB1-6EFE-4D3A-8F17-A2A83D6F098E}.Debug|Any CPU.ActiveCfg = Debug|Any CPU
		{EC457FB1-6EFE-4D3A-8F17-A2A83D6F098E}.Debug|Any CPU.Build.0 = Debug|Any CPU
		{EC457FB1-6EFE-4D3A-8F17-A2A83D6F098E}.Release|Any CPU.ActiveCfg = Release|Any CPU
		{EC457FB1-6EFE-4D3A-8F17-A2A83D6F098E}.Release|Any CPU.Build.0 = Release|Any CPU
		{5FA3E7B8-772B-49F0-A846-64EBF17C2FD4}.Debug|Any CPU.ActiveCfg = Debug|Any CPU
		{5FA3E7B8-772B-49F0-A846-64EBF17C2FD4}.Debug|Any CPU.Build.0 = Debug|Any CPU
		{5FA3E7B8-772B-49F0-A846-64EBF17C2FD4}.Release|Any CPU.ActiveCfg = Release|Any CPU
		{5FA3E7B8-772B-49F0-A846-64EBF17C2FD4}.Release|Any CPU.Build.0 = Release|Any CPU
		{661E7E3D-8F91-4F0F-826B-C36A07895F9E}.Debug|Any CPU.ActiveCfg = Debug|Any CPU
		{661E7E3D-8F91-4F0F-826B-C36A07895F9E}.Debug|Any CPU.Build.0 = Debug|Any CPU
		{661E7E3D-8F91-4F0F-826B-C36A07895F9E}.Release|Any CPU.ActiveCfg = Release|Any CPU
		{661E7E3D-8F91-4F0F-826B-C36A07895F9E}.Release|Any CPU.Build.0 = Release|Any CPU
	EndGlobalSection
	GlobalSection(SolutionProperties) = preSolution
		HideSolutionNode = FALSE
	EndGlobalSection
	GlobalSection(NestedProjects) = preSolution
		{CEEB7C62-C9F9-4A69-9DF1-CDE2D5A998B2} = {B78689F5-3B06-45C2-AB8B-916CABD3A213}
		{60092E94-CB8F-407C-ABDF-07B95966A03F} = {B78689F5-3B06-45C2-AB8B-916CABD3A213}
		{D21291C0-8E22-4443-9D2E-25F32A7842BC} = {64F1B4EB-926F-4ECC-8AE2-3476771D8452}
		{20D5C19B-ED01-405B-9CC5-3FBE6BED9B0F} = {64F1B4EB-926F-4ECC-8AE2-3476771D8452}
		{64F1B4EB-926F-4ECC-8AE2-3476771D8452} = {9525DBA9-13D1-464A-8758-57C734BCA40F}
		{B78689F5-3B06-45C2-AB8B-916CABD3A213} = {9525DBA9-13D1-464A-8758-57C734BCA40F}
		{EC457FB1-6EFE-4D3A-8F17-A2A83D6F098E} = {7C120C8E-B50C-45EF-88B0-CF90576B96B6}
		{5FA3E7B8-772B-49F0-A846-64EBF17C2FD4} = {7C120C8E-B50C-45EF-88B0-CF90576B96B6}
		{661E7E3D-8F91-4F0F-826B-C36A07895F9E} = {7C120C8E-B50C-45EF-88B0-CF90576B96B6}
	EndGlobalSection
	GlobalSection(ExtensibilityGlobals) = postSolution
		SolutionGuid = {B23AB42C-1A92-4802-8909-62D74AE349E7}
	EndGlobalSection
EndGlobal
